<?xml version="1.0" encoding="utf-8"?>
<Project ToolsVersion="4.0" xmlns="http://schemas.microsoft.com/developer/msbuild/2003">
  <ItemGroup>
    <Filter Include="Исходные файлы">
      <UniqueIdentifier>{4FC737F1-C7A5-4376-A066-2A32D752A2FF}</UniqueIdentifier>
      <Extensions>cpp;c;cc;cxx;c++;cppm;ixx;def;odl;idl;hpj;bat;asm;asmx</Extensions>
    </Filter>
    <Filter Include="Файлы заголовков">
      <UniqueIdentifier>{93995380-89BD-4b04-88EB-625FBE52EBFB}</UniqueIdentifier>
      <Extensions>h;hh;hpp;hxx;h++;hm;inl;inc;ipp;xsd</Extensions>
    </Filter>
    <Filter Include="Файлы ресурсов">
      <UniqueIdentifier>{67DA6AB6-F800-4c08-8B7A-83BB121AAD01}</UniqueIdentifier>
      <Extensions>rc;ico;cur;bmp;dlg;rc2;rct;bin;rgs;gif;jpg;jpeg;jpe;resx;tiff;tif;png;wav;mfcribbon-ms</Extensions>
    </Filter>
    <Filter Include="Исходные файлы\Seminar4">
      <UniqueIdentifier>{9b385cd2-5242-4e02-bb21-1acf35e7ae28}</UniqueIdentifier>
    </Filter>
    <Filter Include="Исходные файлы\Seminar3">
      <UniqueIdentifier>{651f5c28-7103-4b9f-aea0-fa5266164986}</UniqueIdentifier>
    </Filter>
    <Filter Include="Исходные файлы\Seminar5">
      <UniqueIdentifier>{0434299b-02cb-43aa-9bd9-5da946d0036c}</UniqueIdentifier>
    </Filter>
    <Filter Include="Исходные файлы\text">
      <UniqueIdentifier>{dc41097f-3296-4e86-9d14-5c72e4911787}</UniqueIdentifier>
    </Filter>
  </ItemGroup>
  <ItemGroup>
    <ClCompile Include="main.cpp">
      <Filter>Исходные файлы</Filter>
    </ClCompile>
    <ClCompile Include="menu.cpp">
      <Filter>Исходные файлы</Filter>
    </ClCompile>
    <ClCompile Include="data_enter.cpp">
      <Filter>Исходные файлы</Filter>
    </ClCompile>
    <ClCompile Include="display_array.cpp">
      <Filter>Исходные файлы</Filter>
    </ClCompile>
    <ClCompile Include="cin_distance.cpp">
      <Filter>Исходные файлы\Seminar3</Filter>
    </ClCompile>
    <ClCompile Include="menu_s_3.cpp">
      <Filter>Исходные файлы\Seminar3</Filter>
    </ClCompile>
    <ClCompile Include="check_int.cpp">
      <Filter>Исходные файлы</Filter>
    </ClCompile>
    <ClCompile Include="check_doub.cpp">
      <Filter>Исходные файлы</Filter>
    </ClCompile>
    <ClCompile Include="sorting.cpp">
      <Filter>Исходные файлы\Seminar3</Filter>
    </ClCompile>
    <ClCompile Include="s_4.cpp">
      <Filter>Исходные файлы\Seminar4</Filter>
    </ClCompile>
    <ClCompile Include="menu_s_4.cpp">
      <Filter>Исходные файлы\Seminar4</Filter>
    </ClCompile>
    <ClCompile Include="equality test.cpp">
      <Filter>Исходные файлы\Seminar3</Filter>
    </ClCompile>
    <ClCompile Include="shift_down.cpp">
      <Filter>Исходные файлы\Seminar4</Filter>
    </ClCompile>
    <ClCompile Include="shift_right.cpp">
      <Filter>Исходные файлы\Seminar4</Filter>
    </ClCompile>
    <ClCompile Include="array_check.cpp">
      <Filter>Исходные файлы\Seminar4</Filter>
    </ClCompile>
    <ClCompile Include="s_5.cpp">
      <Filter>Исходные файлы\Seminar5</Filter>
    </ClCompile>
    <ClCompile Include="menu_s5.cpp">
      <Filter>Исходные файлы\Seminar5</Filter>
    </ClCompile>
    <ClCompile Include="destroy.cpp">
      <Filter>Исходные файлы</Filter>
    </ClCompile>
    <ClCompile Include="print_file.cpp">
      <Filter>Исходные файлы\Seminar5</Filter>
    </ClCompile>
    <ClCompile Include="check_digit.cpp">
      <Filter>Исходные файлы</Filter>
    </ClCompile>
    <ClCompile Include="text_menu.cpp">
      <Filter>Исходные файлы\text</Filter>
    </ClCompile>
    <ClCompile Include="text_menu_s_3.cpp">
      <Filter>Исходные файлы\text</Filter>
    </ClCompile>
    <ClCompile Include="wrong_id.cpp">
      <Filter>Исходные файлы\Seminar3</Filter>
    </ClCompile>
    <ClCompile Include="search_sum.cpp">
      <Filter>Исходные файлы\Seminar3</Filter>
    </ClCompile>
    <ClCompile Include="amount_of_elements.cpp">
      <Filter>Исходные файлы\Seminar3</Filter>
    </ClCompile>
    <ClCompile Include="print_quantity.cpp">
      <Filter>Исходные файлы\Seminar3</Filter>
    </ClCompile>
    <ClCompile Include="s_3_logic.cpp">
      <Filter>Исходные файлы\Seminar3</Filter>
    </ClCompile>
    <ClCompile Include="logic_sorting.cpp">
      <Filter>Исходные файлы\Seminar3</Filter>
    </ClCompile>
    <ClCompile Include="menu_sorting.cpp">
      <Filter>Исходные файлы\Seminar3</Filter>
    </ClCompile>
    <ClCompile Include="text_menu_s_4.cpp">
      <Filter>Исходные файлы\text</Filter>
    </ClCompile>
    <ClCompile Include="error_menu_s_4.cpp">
      <Filter>Исходные файлы\Seminar4</Filter>
    </ClCompile>
    <ClCompile Include="logic_sum.cpp">
      <Filter>Исходные файлы\Seminar3</Filter>
    </ClCompile>
    <ClCompile Include="find_the_first_vowel.cpp">
      <Filter>Исходные файлы\Seminar5</Filter>
    </ClCompile>
    <ClCompile Include="replacement.cpp">
      <Filter>Исходные файлы\Seminar5</Filter>
    </ClCompile>
    <ClCompile Include="non zero step.cpp">
      <Filter>Исходные файлы\Seminar4</Filter>
    </ClCompile>
    <ClCompile Include="width==shift.cpp">
      <Filter>Исходные файлы\Seminar4</Filter>
    </ClCompile>
    <ClCompile Include="checking file.cpp">
      <Filter>Исходные файлы\Seminar5</Filter>
    </ClCompile>
    <ClCompile Include="isVowel.cpp">
      <Filter>Исходные файлы\Seminar5</Filter>
    </ClCompile>
    <ClCompile Include="enter length.cpp">
      <Filter>Исходные файлы</Filter>
    </ClCompile>
    <ClCompile Include="menu_shift.cpp">
      <Filter>Исходные файлы\Seminar4</Filter>
    </ClCompile>
    <ClCompile Include="logic_shift.cpp">
      <Filter>Исходные файлы\Seminar4</Filter>
    </ClCompile>
    <ClCompile Include="copy_arr.cpp">
      <Filter>Исходные файлы\Seminar4</Filter>
    </ClCompile>
    <ClCompile Include="text_s3_1.cpp">
      <Filter>Исходные файлы\text</Filter>
    </ClCompile>
    <ClCompile Include="text_menu_s_5.cpp">
      <Filter>Исходные файлы\text</Filter>
    </ClCompile>
  </ItemGroup>
  <ItemGroup>
    <ClInclude Include="Include.h">
      <Filter>Файлы заголовков</Filter>
    </ClInclude>
    <ClInclude Include="prototype.h">
      <Filter>Файлы заголовков</Filter>
    </ClInclude>
  </ItemGroup>
</Project>